
Microsoft Visual Studio Solution File, Format Version 12.00
# Visual Studio Version 17
VisualStudioVersion = 17.5.002.0
MinimumVisualStudioVersion = 10.0.40219.1
Project("{9A19103F-16F7-4668-BE54-9A1E7A4F7556}") = "JobsAPIProject", "JobsAPIProject.csproj", "{38FD79C1-0C96-4F74-BB55-AC09F05C32B1}"
EndProject
Global
	GlobalSection(SolutionConfigurationPlatforms) = preSolution
		Debug|Any CPU = Debug|Any CPU
		Release|Any CPU = Release|Any CPU
	EndGlobalSection
	GlobalSection(ProjectConfigurationPlatforms) = postSolution
		{38FD79C1-0C96-4F74-BB55-AC09F05C32B1}.Debug|Any CPU.ActiveCfg = Debug|Any CPU
		{38FD79C1-0C96-4F74-BB55-AC09F05C32B1}.Debug|Any CPU.Build.0 = Debug|Any CPU
		{38FD79C1-0C96-4F74-BB55-AC09F05C32B1}.Release|Any CPU.ActiveCfg = Release|Any CPU
		{38FD79C1-0C96-4F74-BB55-AC09F05C32B1}.Release|Any CPU.Build.0 = Release|Any CPU
	EndGlobalSection
	GlobalSection(SolutionProperties) = preSolution
		HideSolutionNode = FALSE
	EndGlobalSection
	GlobalSection(ExtensibilityGlobals) = postSolution
		SolutionGuid = {083F1B75-A9E0-48A8-87E0-74A135FDDC19}
	EndGlobalSection
EndGlobal
